
Microsoft Visual Studio Solution File, Format Version 12.00
# Visual Studio Version 17
VisualStudioVersion = 17.0.31903.59
MinimumVisualStudioVersion = 10.0.40219.1
Project("{2150E333-8FDC-42A3-9474-1A3956D46DE8}") = "src", "src", "{827E0CD3-B72D-47B6-A68D-7590B98EB39B}"
EndProject
Project("{FAE04EC0-301F-11D3-BF4B-00C04F79EFBC}") = "ERP.Domain", "src\ERP.Domain\ERP.Domain.csproj", "{441B9A0B-2823-442C-97F4-98E0CAD94DA3}"
EndProject
Project("{FAE04EC0-301F-11D3-BF4B-00C04F79EFBC}") = "ERP.Shared", "src\ERP.Shared\ERP.Shared.csproj", "{3FD05471-6DAB-487A-B6A7-3FDD48F05E07}"
EndProject
Project("{FAE04EC0-301F-11D3-BF4B-00C04F79EFBC}") = "ERP.Application", "src\ERP.Application\ERP.Application.csproj", "{0B7945F9-84C3-4D01-AE15-9C8CFCE9BC44}"
EndProject
Project("{FAE04EC0-301F-11D3-BF4B-00C04F79EFBC}") = "ERP.Infrastructure", "src\ERP.Infrastructure\ERP.Infrastructure.csproj", "{2C802AC3-5271-4F82-96BF-369C35B43573}"
EndProject
Project("{FAE04EC0-301F-11D3-BF4B-00C04F79EFBC}") = "ERP.Api", "src\ERP.Api\ERP.Api.csproj", "{8A219665-F4BC-40B7-B870-17B6D3ADF0F9}"
EndProject
Global
	GlobalSection(SolutionConfigurationPlatforms) = preSolution
		Debug|Any CPU = Debug|Any CPU
		Debug|x64 = Debug|x64
		Debug|x86 = Debug|x86
		Release|Any CPU = Release|Any CPU
		Release|x64 = Release|x64
		Release|x86 = Release|x86
	EndGlobalSection
	GlobalSection(ProjectConfigurationPlatforms) = postSolution
		{441B9A0B-2823-442C-97F4-98E0CAD94DA3}.Debug|Any CPU.ActiveCfg = Debug|Any CPU
		{441B9A0B-2823-442C-97F4-98E0CAD94DA3}.Debug|Any CPU.Build.0 = Debug|Any CPU
		{441B9A0B-2823-442C-97F4-98E0CAD94DA3}.Debug|x64.ActiveCfg = Debug|Any CPU
		{441B9A0B-2823-442C-97F4-98E0CAD94DA3}.Debug|x64.Build.0 = Debug|Any CPU
		{441B9A0B-2823-442C-97F4-98E0CAD94DA3}.Debug|x86.ActiveCfg = Debug|Any CPU
		{441B9A0B-2823-442C-97F4-98E0CAD94DA3}.Debug|x86.Build.0 = Debug|Any CPU
		{441B9A0B-2823-442C-97F4-98E0CAD94DA3}.Release|Any CPU.ActiveCfg = Release|Any CPU
		{441B9A0B-2823-442C-97F4-98E0CAD94DA3}.Release|Any CPU.Build.0 = Release|Any CPU
		{441B9A0B-2823-442C-97F4-98E0CAD94DA3}.Release|x64.ActiveCfg = Release|Any CPU
		{441B9A0B-2823-442C-97F4-98E0CAD94DA3}.Release|x64.Build.0 = Release|Any CPU
		{441B9A0B-2823-442C-97F4-98E0CAD94DA3}.Release|x86.ActiveCfg = Release|Any CPU
		{441B9A0B-2823-442C-97F4-98E0CAD94DA3}.Release|x86.Build.0 = Release|Any CPU
		{3FD05471-6DAB-487A-B6A7-3FDD48F05E07}.Debug|Any CPU.ActiveCfg = Debug|Any CPU
		{3FD05471-6DAB-487A-B6A7-3FDD48F05E07}.Debug|Any CPU.Build.0 = Debug|Any CPU
		{3FD05471-6DAB-487A-B6A7-3FDD48F05E07}.Debug|x64.ActiveCfg = Debug|Any CPU
		{3FD05471-6DAB-487A-B6A7-3FDD48F05E07}.Debug|x64.Build.0 = Debug|Any CPU
		{3FD05471-6DAB-487A-B6A7-3FDD48F05E07}.Debug|x86.ActiveCfg = Debug|Any CPU
		{3FD05471-6DAB-487A-B6A7-3FDD48F05E07}.Debug|x86.Build.0 = Debug|Any CPU
		{3FD05471-6DAB-487A-B6A7-3FDD48F05E07}.Release|Any CPU.ActiveCfg = Release|Any CPU
		{3FD05471-6DAB-487A-B6A7-3FDD48F05E07}.Release|Any CPU.Build.0 = Release|Any CPU
		{3FD05471-6DAB-487A-B6A7-3FDD48F05E07}.Release|x64.ActiveCfg = Release|Any CPU
		{3FD05471-6DAB-487A-B6A7-3FDD48F05E07}.Release|x64.Build.0 = Release|Any CPU
		{3FD05471-6DAB-487A-B6A7-3FDD48F05E07}.Release|x86.ActiveCfg = Release|Any CPU
		{3FD05471-6DAB-487A-B6A7-3FDD48F05E07}.Release|x86.Build.0 = Release|Any CPU
		{0B7945F9-84C3-4D01-AE15-9C8CFCE9BC44}.Debug|Any CPU.ActiveCfg = Debug|Any CPU
		{0B7945F9-84C3-4D01-AE15-9C8CFCE9BC44}.Debug|Any CPU.Build.0 = Debug|Any CPU
		{0B7945F9-84C3-4D01-AE15-9C8CFCE9BC44}.Debug|x64.ActiveCfg = Debug|Any CPU
		{0B7945F9-84C3-4D01-AE15-9C8CFCE9BC44}.Debug|x64.Build.0 = Debug|Any CPU
		{0B7945F9-84C3-4D01-AE15-9C8CFCE9BC44}.Debug|x86.ActiveCfg = Debug|Any CPU
		{0B7945F9-84C3-4D01-AE15-9C8CFCE9BC44}.Debug|x86.Build.0 = Debug|Any CPU
		{0B7945F9-84C3-4D01-AE15-9C8CFCE9BC44}.Release|Any CPU.ActiveCfg = Release|Any CPU
		{0B7945F9-84C3-4D01-AE15-9C8CFCE9BC44}.Release|Any CPU.Build.0 = Release|Any CPU
		{0B7945F9-84C3-4D01-AE15-9C8CFCE9BC44}.Release|x64.ActiveCfg = Release|Any CPU
		{0B7945F9-84C3-4D01-AE15-9C8CFCE9BC44}.Release|x64.Build.0 = Release|Any CPU
		{0B7945F9-84C3-4D01-AE15-9C8CFCE9BC44}.Release|x86.ActiveCfg = Release|Any CPU
		{0B7945F9-84C3-4D01-AE15-9C8CFCE9BC44}.Release|x86.Build.0 = Release|Any CPU
		{2C802AC3-5271-4F82-96BF-369C35B43573}.Debug|Any CPU.ActiveCfg = Debug|Any CPU
		{2C802AC3-5271-4F82-96BF-369C35B43573}.Debug|Any CPU.Build.0 = Debug|Any CPU
		{2C802AC3-5271-4F82-96BF-369C35B43573}.Debug|x64.ActiveCfg = Debug|Any CPU
		{2C802AC3-5271-4F82-96BF-369C35B43573}.Debug|x64.Build.0 = Debug|Any CPU
		{2C802AC3-5271-4F82-96BF-369C35B43573}.Debug|x86.ActiveCfg = Debug|Any CPU
		{2C802AC3-5271-4F82-96BF-369C35B43573}.Debug|x86.Build.0 = Debug|Any CPU
		{2C802AC3-5271-4F82-96BF-369C35B43573}.Release|Any CPU.ActiveCfg = Release|Any CPU
		{2C802AC3-5271-4F82-96BF-369C35B43573}.Release|Any CPU.Build.0 = Release|Any CPU
		{2C802AC3-5271-4F82-96BF-369C35B43573}.Release|x64.ActiveCfg = Release|Any CPU
		{2C802AC3-5271-4F82-96BF-369C35B43573}.Release|x64.Build.0 = Release|Any CPU
		{2C802AC3-5271-4F82-96BF-369C35B43573}.Release|x86.ActiveCfg = Release|Any CPU
		{2C802AC3-5271-4F82-96BF-369C35B43573}.Release|x86.Build.0 = Release|Any CPU
		{8A219665-F4BC-40B7-B870-17B6D3ADF0F9}.Debug|Any CPU.ActiveCfg = Debug|Any CPU
		{8A219665-F4BC-40B7-B870-17B6D3ADF0F9}.Debug|Any CPU.Build.0 = Debug|Any CPU
		{8A219665-F4BC-40B7-B870-17B6D3ADF0F9}.Debug|x64.ActiveCfg = Debug|Any CPU
		{8A219665-F4BC-40B7-B870-17B6D3ADF0F9}.Debug|x64.Build.0 = Debug|Any CPU
		{8A219665-F4BC-40B7-B870-17B6D3ADF0F9}.Debug|x86.ActiveCfg = Debug|Any CPU
		{8A219665-F4BC-40B7-B870-17B6D3ADF0F9}.Debug|x86.Build.0 = Debug|Any CPU
		{8A219665-F4BC-40B7-B870-17B6D3ADF0F9}.Release|Any CPU.ActiveCfg = Release|Any CPU
		{8A219665-F4BC-40B7-B870-17B6D3ADF0F9}.Release|Any CPU.Build.0 = Release|Any CPU
		{8A219665-F4BC-40B7-B870-17B6D3ADF0F9}.Release|x64.ActiveCfg = Release|Any CPU
		{8A219665-F4BC-40B7-B870-17B6D3ADF0F9}.Release|x64.Build.0 = Release|Any CPU
		{8A219665-F4BC-40B7-B870-17B6D3ADF0F9}.Release|x86.ActiveCfg = Release|Any CPU
		{8A219665-F4BC-40B7-B870-17B6D3ADF0F9}.Release|x86.Build.0 = Release|Any CPU
	EndGlobalSection
	GlobalSection(SolutionProperties) = preSolution
		HideSolutionNode = FALSE
	EndGlobalSection
	GlobalSection(NestedProjects) = preSolution
		{441B9A0B-2823-442C-97F4-98E0CAD94DA3} = {827E0CD3-B72D-47B6-A68D-7590B98EB39B}
		{3FD05471-6DAB-487A-B6A7-3FDD48F05E07} = {827E0CD3-B72D-47B6-A68D-7590B98EB39B}
		{0B7945F9-84C3-4D01-AE15-9C8CFCE9BC44} = {827E0CD3-B72D-47B6-A68D-7590B98EB39B}
		{2C802AC3-5271-4F82-96BF-369C35B43573} = {827E0CD3-B72D-47B6-A68D-7590B98EB39B}
		{8A219665-F4BC-40B7-B870-17B6D3ADF0F9} = {827E0CD3-B72D-47B6-A68D-7590B98EB39B}
	EndGlobalSection
EndGlobal
